{
    "_meta": {
        "hash": {
            "sha256": "hash_here"
        },
        "pipfile-spec": 6,
        "requires": {
            "python_version": "3.8"
        }
    },
    "default": {
        "sqlalchemy": {
            "version": "==2.0.12",
            "hashes": [
                "sha256:hash1",
                "sha256:hash2"
            ]
        },
        "pipenv": {
            "version": "==2023.11.7",
            "hashes": [
                "sha256:hash3"
            ]
        }
    },
    "develop": {}
}
